
Microsoft Visual Studio Solution File, Format Version 12.00
# Visual Studio Version 17
VisualStudioVersion = 17.9.34622.214
MinimumVisualStudioVersion = 10.0.40219.1
Project("{FAE04EC0-301F-11D3-BF4B-00C04F79EFBC}") = "CarteiraDeJogos", "CarteiraDeJogos\CarteiraDeJogos.csproj", "{ADC4ADAE-11F1-41E9-AB5A-4AD4A0867D83}"
EndProject
Global
	GlobalSection(SolutionConfigurationPlatforms) = preSolution
		Debug|Any CPU = Debug|Any CPU
		Release|Any CPU = Release|Any CPU
	EndGlobalSection
	GlobalSection(ProjectConfigurationPlatforms) = postSolution
		{ADC4ADAE-11F1-41E9-AB5A-4AD4A0867D83}.Debug|Any CPU.ActiveCfg = Debug|Any CPU
		{ADC4ADAE-11F1-41E9-AB5A-4AD4A0867D83}.Debug|Any CPU.Build.0 = Debug|Any CPU
		{ADC4ADAE-11F1-41E9-AB5A-4AD4A0867D83}.Release|Any CPU.ActiveCfg = Release|Any CPU
		{ADC4ADAE-11F1-41E9-AB5A-4AD4A0867D83}.Release|Any CPU.Build.0 = Release|Any CPU
	EndGlobalSection
	GlobalSection(SolutionProperties) = preSolution
		HideSolutionNode = FALSE
	EndGlobalSection
	GlobalSection(ExtensibilityGlobals) = postSolution
		SolutionGuid = {4DC0C791-206B-4764-BA8F-95C017B5912F}
	EndGlobalSection
EndGlobal
